// !$*UTF8*$!
{
	archiveVersion = 1;
	classes = {
	};
	objectVersion = 56;
	objects = {

/* Begin PBXBuildFile section */
		150EE8892A29E17900BBABDC /* CustomImageView.swift in Sources */ = {isa = PBXBuildFile; fileRef = 150EE8882A29E17900BBABDC /* CustomImageView.swift */; };
		150EE88E2A29E4E900BBABDC /* ShoesService.swift in Sources */ = {isa = PBXBuildFile; fileRef = 150EE88D2A29E4E900BBABDC /* ShoesService.swift */; };
		150EE8942A2A059200BBABDC /* EmptyCartView.swift in Sources */ = {isa = PBXBuildFile; fileRef = 150EE8932A2A059200BBABDC /* EmptyCartView.swift */; };
		150EE8962A2A18C200BBABDC /* CartCell.swift in Sources */ = {isa = PBXBuildFile; fileRef = 150EE8952A2A18C200BBABDC /* CartCell.swift */; };
		1517CEE82A2675800041BB28 /* Step1ViewController.swift in Sources */ = {isa = PBXBuildFile; fileRef = 1517CEE72A2675800041BB28 /* Step1ViewController.swift */; };
		1517CEEA2A2675890041BB28 /* Step2ViewController.swift in Sources */ = {isa = PBXBuildFile; fileRef = 1517CEE92A2675890041BB28 /* Step2ViewController.swift */; };
		1517CEEC2A2675960041BB28 /* Step3ViewController.swift in Sources */ = {isa = PBXBuildFile; fileRef = 1517CEEB2A2675960041BB28 /* Step3ViewController.swift */; };
		1517CEEF2A26761B0041BB28 /* TabBarViewController.swift in Sources */ = {isa = PBXBuildFile; fileRef = 1517CEEE2A26761B0041BB28 /* TabBarViewController.swift */; };
		1517CEF22A2679190041BB28 /* CatalogViewController.swift in Sources */ = {isa = PBXBuildFile; fileRef = 1517CEF12A2679190041BB28 /* CatalogViewController.swift */; };
		1517CEF52A2679390041BB28 /* CartViewController.swift in Sources */ = {isa = PBXBuildFile; fileRef = 1517CEF42A2679390041BB28 /* CartViewController.swift */; };
		1517CEF82A2679510041BB28 /* ProfileViewController.swift in Sources */ = {isa = PBXBuildFile; fileRef = 1517CEF72A2679510041BB28 /* ProfileViewController.swift */; };
		1546F6E42A23A22900B04004 /* AppDelegate.swift in Sources */ = {isa = PBXBuildFile; fileRef = 1546F6E32A23A22900B04004 /* AppDelegate.swift */; };
		1546F6ED2A23A22A00B04004 /* Assets.xcassets in Resources */ = {isa = PBXBuildFile; fileRef = 1546F6EC2A23A22A00B04004 /* Assets.xcassets */; };
		1546F6F02A23A22A00B04004 /* LaunchScreen.storyboard in Resources */ = {isa = PBXBuildFile; fileRef = 1546F6EE2A23A22A00B04004 /* LaunchScreen.storyboard */; };
		159425602A25F26A006F4C20 /* UIView+Extensions.swift in Sources */ = {isa = PBXBuildFile; fileRef = 1594255F2A25F26A006F4C20 /* UIView+Extensions.swift */; };
		159425622A25F30C006F4C20 /* CustomButton.swift in Sources */ = {isa = PBXBuildFile; fileRef = 159425612A25F30C006F4C20 /* CustomButton.swift */; };
		15BBEE992A29B86E00CBE4BB /* Colors.swift in Sources */ = {isa = PBXBuildFile; fileRef = 15BBEE982A29B86E00CBE4BB /* Colors.swift */; };
		15FE68E62A29A8A70099BDAF /* Shoes.swift in Sources */ = {isa = PBXBuildFile; fileRef = 15FE68E52A29A8A70099BDAF /* Shoes.swift */; };
		15FE68E92A29A9490099BDAF /* ShoesCell.swift in Sources */ = {isa = PBXBuildFile; fileRef = 15FE68E82A29A9490099BDAF /* ShoesCell.swift */; };
/* End PBXBuildFile section */

/* Begin PBXFileReference section */
		150EE8882A29E17900BBABDC /* CustomImageView.swift */ = {isa = PBXFileReference; lastKnownFileType = sourcecode.swift; path = CustomImageView.swift; sourceTree = "<group>"; };
		150EE88D2A29E4E900BBABDC /* ShoesService.swift */ = {isa = PBXFileReference; lastKnownFileType = sourcecode.swift; path = ShoesService.swift; sourceTree = "<group>"; };
		150EE8932A2A059200BBABDC /* EmptyCartView.swift */ = {isa = PBXFileReference; lastKnownFileType = sourcecode.swift; path = EmptyCartView.swift; sourceTree = "<group>"; };
		150EE8952A2A18C200BBABDC /* CartCell.swift */ = {isa = PBXFileReference; lastKnownFileType = sourcecode.swift; path = CartCell.swift; sourceTree = "<group>"; };
		1517CEE72A2675800041BB28 /* Step1ViewController.swift */ = {isa = PBXFileReference; lastKnownFileType = sourcecode.swift; path = Step1ViewController.swift; sourceTree = "<group>"; };
		1517CEE92A2675890041BB28 /* Step2ViewController.swift */ = {isa = PBXFileReference; lastKnownFileType = sourcecode.swift; path = Step2ViewController.swift; sourceTree = "<group>"; };
		1517CEEB2A2675960041BB28 /* Step3ViewController.swift */ = {isa = PBXFileReference; lastKnownFileType = sourcecode.swift; path = Step3ViewController.swift; sourceTree = "<group>"; };
		1517CEEE2A26761B0041BB28 /* TabBarViewController.swift */ = {isa = PBXFileReference; lastKnownFileType = sourcecode.swift; path = TabBarViewController.swift; sourceTree = "<group>"; };
		1517CEF12A2679190041BB28 /* CatalogViewController.swift */ = {isa = PBXFileReference; lastKnownFileType = sourcecode.swift; path = CatalogViewController.swift; sourceTree = "<group>"; };
		1517CEF42A2679390041BB28 /* CartViewController.swift */ = {isa = PBXFileReference; lastKnownFileType = sourcecode.swift; path = CartViewController.swift; sourceTree = "<group>"; };
		1517CEF72A2679510041BB28 /* ProfileViewController.swift */ = {isa = PBXFileReference; lastKnownFileType = sourcecode.swift; path = ProfileViewController.swift; sourceTree = "<group>"; };
		1546F6E02A23A22900B04004 /* SneakerStoreApp.app */ = {isa = PBXFileReference; explicitFileType = wrapper.application; includeInIndex = 0; path = SneakerStoreApp.app; sourceTree = BUILT_PRODUCTS_DIR; };
		1546F6E32A23A22900B04004 /* AppDelegate.swift */ = {isa = PBXFileReference; lastKnownFileType = sourcecode.swift; path = AppDelegate.swift; sourceTree = "<group>"; };
		1546F6EC2A23A22A00B04004 /* Assets.xcassets */ = {isa = PBXFileReference; lastKnownFileType = folder.assetcatalog; path = Assets.xcassets; sourceTree = "<group>"; };
		1546F6EF2A23A22A00B04004 /* Base */ = {isa = PBXFileReference; lastKnownFileType = file.storyboard; name = Base; path = Base.lproj/LaunchScreen.storyboard; sourceTree = "<group>"; };
		1546F6F12A23A22A00B04004 /* Info.plist */ = {isa = PBXFileReference; lastKnownFileType = text.plist.xml; path = Info.plist; sourceTree = "<group>"; };
		1594255F2A25F26A006F4C20 /* UIView+Extensions.swift */ = {isa = PBXFileReference; lastKnownFileType = sourcecode.swift; path = "UIView+Extensions.swift"; sourceTree = "<group>"; };
		159425612A25F30C006F4C20 /* CustomButton.swift */ = {isa = PBXFileReference; lastKnownFileType = sourcecode.swift; path = CustomButton.swift; sourceTree = "<group>"; };
		15BBEE982A29B86E00CBE4BB /* Colors.swift */ = {isa = PBXFileReference; lastKnownFileType = sourcecode.swift; path = Colors.swift; sourceTree = "<group>"; };
		15FE68E52A29A8A70099BDAF /* Shoes.swift */ = {isa = PBXFileReference; lastKnownFileType = sourcecode.swift; path = Shoes.swift; sourceTree = "<group>"; };
		15FE68E82A29A9490099BDAF /* ShoesCell.swift */ = {isa = PBXFileReference; lastKnownFileType = sourcecode.swift; path = ShoesCell.swift; sourceTree = "<group>"; };
/* End PBXFileReference section */

/* Begin PBXFrameworksBuildPhase section */
		1546F6DD2A23A22900B04004 /* Frameworks */ = {
			isa = PBXFrameworksBuildPhase;
			buildActionMask = 2147483647;
			files = (
			);
			runOnlyForDeploymentPostprocessing = 0;
		};
/* End PBXFrameworksBuildPhase section */

/* Begin PBXGroup section */
		150EE88C2A29E4C000BBABDC /* Services */ = {
			isa = PBXGroup;
			children = (
				150EE88D2A29E4E900BBABDC /* ShoesService.swift */,
			);
			path = Services;
			sourceTree = "<group>";
		};
		150EE8902A2A04E400BBABDC /* View */ = {
			isa = PBXGroup;
			children = (
				150EE8932A2A059200BBABDC /* EmptyCartView.swift */,
				150EE8952A2A18C200BBABDC /* CartCell.swift */,
			);
			path = View;
			sourceTree = "<group>";
		};
		150EE8912A2A04E900BBABDC /* ViewController */ = {
			isa = PBXGroup;
			children = (
				1517CEF42A2679390041BB28 /* CartViewController.swift */,
			);
			path = ViewController;
			sourceTree = "<group>";
		};
		150EE8922A2A04EE00BBABDC /* Model */ = {
			isa = PBXGroup;
			children = (
			);
			path = Model;
			sourceTree = "<group>";
		};
		1517CEE62A26756D0041BB28 /* Onboarding */ = {
			isa = PBXGroup;
			children = (
				1517CEE72A2675800041BB28 /* Step1ViewController.swift */,
				1517CEE92A2675890041BB28 /* Step2ViewController.swift */,
				1517CEEB2A2675960041BB28 /* Step3ViewController.swift */,
			);
			path = Onboarding;
			sourceTree = "<group>";
		};
		1517CEED2A26760D0041BB28 /* TabBar */ = {
			isa = PBXGroup;
			children = (
				1517CEEE2A26761B0041BB28 /* TabBarViewController.swift */,
			);
			path = TabBar;
			sourceTree = "<group>";
		};
		1517CEF02A2679080041BB28 /* Catalog */ = {
			isa = PBXGroup;
			children = (
				15FE68E22A29A8250099BDAF /* Model */,
				15FE68E12A29A81B0099BDAF /* ViewController */,
				15FE68E02A29A8150099BDAF /* View */,
			);
			path = Catalog;
			sourceTree = "<group>";
		};
		1517CEF32A2679280041BB28 /* Cart */ = {
			isa = PBXGroup;
			children = (
				150EE8922A2A04EE00BBABDC /* Model */,
				150EE8912A2A04E900BBABDC /* ViewController */,
				150EE8902A2A04E400BBABDC /* View */,
			);
			path = Cart;
			sourceTree = "<group>";
		};
		1517CEF62A2679460041BB28 /* Profile */ = {
			isa = PBXGroup;
			children = (
				1517CEF72A2679510041BB28 /* ProfileViewController.swift */,
			);
			path = Profile;
			sourceTree = "<group>";
		};
		1546F6D72A23A22900B04004 = {
			isa = PBXGroup;
			children = (
				1546F6E22A23A22900B04004 /* SneakerStoreApp */,
				1546F6E12A23A22900B04004 /* Products */,
			);
			sourceTree = "<group>";
		};
		1546F6E12A23A22900B04004 /* Products */ = {
			isa = PBXGroup;
			children = (
				1546F6E02A23A22900B04004 /* SneakerStoreApp.app */,
			);
			name = Products;
			sourceTree = "<group>";
		};
		1546F6E22A23A22900B04004 /* SneakerStoreApp */ = {
			isa = PBXGroup;
			children = (
				1546F6F12A23A22A00B04004 /* Info.plist */,
				1546F6EC2A23A22A00B04004 /* Assets.xcassets */,
				1546F6EE2A23A22A00B04004 /* LaunchScreen.storyboard */,
				1546F6E32A23A22900B04004 /* AppDelegate.swift */,
				150EE88C2A29E4C000BBABDC /* Services */,
				1517CEED2A26760D0041BB28 /* TabBar */,
				1517CEF02A2679080041BB28 /* Catalog */,
				1517CEF32A2679280041BB28 /* Cart */,
				1517CEF62A2679460041BB28 /* Profile */,
				1594255C2A25F23D006F4C20 /* Utilities */,
				1517CEE62A26756D0041BB28 /* Onboarding */,
			);
			path = SneakerStoreApp;
			sourceTree = "<group>";
		};
		1594255C2A25F23D006F4C20 /* Utilities */ = {
			isa = PBXGroup;
			children = (
				15BBEE972A29B86200CBE4BB /* Colors */,
				1594255E2A25F251006F4C20 /* CustomViews */,
				1594255D2A25F248006F4C20 /* Extensions */,
			);
			path = Utilities;
			sourceTree = "<group>";
		};
		1594255D2A25F248006F4C20 /* Extensions */ = {
			isa = PBXGroup;
			children = (
				1594255F2A25F26A006F4C20 /* UIView+Extensions.swift */,
			);
			path = Extensions;
			sourceTree = "<group>";
		};
		1594255E2A25F251006F4C20 /* CustomViews */ = {
			isa = PBXGroup;
			children = (
				159425612A25F30C006F4C20 /* CustomButton.swift */,
				150EE8882A29E17900BBABDC /* CustomImageView.swift */,
			);
			path = CustomViews;
			sourceTree = "<group>";
		};
		15BBEE972A29B86200CBE4BB /* Colors */ = {
			isa = PBXGroup;
			children = (
				15BBEE982A29B86E00CBE4BB /* Colors.swift */,
			);
			path = Colors;
			sourceTree = "<group>";
		};
		15FE68E02A29A8150099BDAF /* View */ = {
			isa = PBXGroup;
			children = (
				15FE68E82A29A9490099BDAF /* ShoesCell.swift */,
			);
			path = View;
			sourceTree = "<group>";
		};
		15FE68E12A29A81B0099BDAF /* ViewController */ = {
			isa = PBXGroup;
			children = (
				1517CEF12A2679190041BB28 /* CatalogViewController.swift */,
			);
			path = ViewController;
			sourceTree = "<group>";
		};
		15FE68E22A29A8250099BDAF /* Model */ = {
			isa = PBXGroup;
			children = (
				15FE68E52A29A8A70099BDAF /* Shoes.swift */,
			);
			path = Model;
			sourceTree = "<group>";
		};
/* End PBXGroup section */

/* Begin PBXNativeTarget section */
		1546F6DF2A23A22900B04004 /* SneakerStoreApp */ = {
			isa = PBXNativeTarget;
			buildConfigurationList = 1546F6F42A23A22A00B04004 /* Build configuration list for PBXNativeTarget "SneakerStoreApp" */;
			buildPhases = (
				1546F6DC2A23A22900B04004 /* Sources */,
				1546F6DD2A23A22900B04004 /* Frameworks */,
				1546F6DE2A23A22900B04004 /* Resources */,
			);
			buildRules = (
			);
			dependencies = (
			);
			name = SneakerStoreApp;
			productName = SneakerStoreApp;
			productReference = 1546F6E02A23A22900B04004 /* SneakerStoreApp.app */;
			productType = "com.apple.product-type.application";
		};
/* End PBXNativeTarget section */

/* Begin PBXProject section */
		1546F6D82A23A22900B04004 /* Project object */ = {
			isa = PBXProject;
			attributes = {
				BuildIndependentTargetsInParallel = 1;
				LastSwiftUpdateCheck = 1430;
				LastUpgradeCheck = 1430;
				TargetAttributes = {
					1546F6DF2A23A22900B04004 = {
						CreatedOnToolsVersion = 14.3;
					};
				};
			};
			buildConfigurationList = 1546F6DB2A23A22900B04004 /* Build configuration list for PBXProject "SneakerStoreApp" */;
			compatibilityVersion = "Xcode 14.0";
			developmentRegion = en;
			hasScannedForEncodings = 0;
			knownRegions = (
				en,
				Base,
			);
			mainGroup = 1546F6D72A23A22900B04004;
			productRefGroup = 1546F6E12A23A22900B04004 /* Products */;
			projectDirPath = "";
			projectRoot = "";
			targets = (
				1546F6DF2A23A22900B04004 /* SneakerStoreApp */,
			);
		};
/* End PBXProject section */

/* Begin PBXResourcesBuildPhase section */
		1546F6DE2A23A22900B04004 /* Resources */ = {
			isa = PBXResourcesBuildPhase;
			buildActionMask = 2147483647;
			files = (
				1546F6F02A23A22A00B04004 /* LaunchScreen.storyboard in Resources */,
				1546F6ED2A23A22A00B04004 /* Assets.xcassets in Resources */,
			);
			runOnlyForDeploymentPostprocessing = 0;
		};
/* End PBXResourcesBuildPhase section */

/* Begin PBXSourcesBuildPhase section */
		1546F6DC2A23A22900B04004 /* Sources */ = {
			isa = PBXSourcesBuildPhase;
			buildActionMask = 2147483647;
			files = (
				15FE68E92A29A9490099BDAF /* ShoesCell.swift in Sources */,
				15FE68E62A29A8A70099BDAF /* Shoes.swift in Sources */,
				150EE8942A2A059200BBABDC /* EmptyCartView.swift in Sources */,
				1517CEEF2A26761B0041BB28 /* TabBarViewController.swift in Sources */,
				150EE8892A29E17900BBABDC /* CustomImageView.swift in Sources */,
				159425622A25F30C006F4C20 /* CustomButton.swift in Sources */,
				1517CEF52A2679390041BB28 /* CartViewController.swift in Sources */,
				1517CEEA2A2675890041BB28 /* Step2ViewController.swift in Sources */,
				1517CEEC2A2675960041BB28 /* Step3ViewController.swift in Sources */,
				159425602A25F26A006F4C20 /* UIView+Extensions.swift in Sources */,
				15BBEE992A29B86E00CBE4BB /* Colors.swift in Sources */,
				150EE8962A2A18C200BBABDC /* CartCell.swift in Sources */,
				1517CEF82A2679510041BB28 /* ProfileViewController.swift in Sources */,
				1517CEF22A2679190041BB28 /* CatalogViewController.swift in Sources */,
				150EE88E2A29E4E900BBABDC /* ShoesService.swift in Sources */,
				1517CEE82A2675800041BB28 /* Step1ViewController.swift in Sources */,
				1546F6E42A23A22900B04004 /* AppDelegate.swift in Sources */,
			);
			runOnlyForDeploymentPostprocessing = 0;
		};
/* End PBXSourcesBuildPhase section */

/* Begin PBXVariantGroup section */
		1546F6EE2A23A22A00B04004 /* LaunchScreen.storyboard */ = {
			isa = PBXVariantGroup;
			children = (
				1546F6EF2A23A22A00B04004 /* Base */,
			);
			name = LaunchScreen.storyboard;
			sourceTree = "<group>";
		};
/* End PBXVariantGroup section */

/* Begin XCBuildConfiguration section */
		1546F6F22A23A22A00B04004 /* Debug */ = {
			isa = XCBuildConfiguration;
			buildSettings = {
				ALWAYS_SEARCH_USER_PATHS = NO;
				CLANG_ANALYZER_NONNULL = YES;
				CLANG_ANALYZER_NUMBER_OBJECT_CONVERSION = YES_AGGRESSIVE;
				CLANG_CXX_LANGUAGE_STANDARD = "gnu++20";
				CLANG_ENABLE_MODULES = YES;
				CLANG_ENABLE_OBJC_ARC = YES;
				CLANG_ENABLE_OBJC_WEAK = YES;
				CLANG_WARN_BLOCK_CAPTURE_AUTORELEASING = YES;
				CLANG_WARN_BOOL_CONVERSION = YES;
				CLANG_WARN_COMMA = YES;
				CLANG_WARN_CONSTANT_CONVERSION = YES;
				CLANG_WARN_DEPRECATED_OBJC_IMPLEMENTATIONS = YES;
				CLANG_WARN_DIRECT_OBJC_ISA_USAGE = YES_ERROR;
				CLANG_WARN_DOCUMENTATION_COMMENTS = YES;
				CLANG_WARN_EMPTY_BODY = YES;
				CLANG_WARN_ENUM_CONVERSION = YES;
				CLANG_WARN_INFINITE_RECURSION = YES;
				CLANG_WARN_INT_CONVERSION = YES;
				CLANG_WARN_NON_LITERAL_NULL_CONVERSION = YES;
				CLANG_WARN_OBJC_IMPLICIT_RETAIN_SELF = YES;
				CLANG_WARN_OBJC_LITERAL_CONVERSION = YES;
				CLANG_WARN_OBJC_ROOT_CLASS = YES_ERROR;
				CLANG_WARN_QUOTED_INCLUDE_IN_FRAMEWORK_HEADER = YES;
				CLANG_WARN_RANGE_LOOP_ANALYSIS = YES;
				CLANG_WARN_STRICT_PROTOTYPES = YES;
				CLANG_WARN_SUSPICIOUS_MOVE = YES;
				CLANG_WARN_UNGUARDED_AVAILABILITY = YES_AGGRESSIVE;
				CLANG_WARN_UNREACHABLE_CODE = YES;
				CLANG_WARN__DUPLICATE_METHOD_MATCH = YES;
				COPY_PHASE_STRIP = NO;
				DEBUG_INFORMATION_FORMAT = dwarf;
				ENABLE_STRICT_OBJC_MSGSEND = YES;
				ENABLE_TESTABILITY = YES;
				GCC_C_LANGUAGE_STANDARD = gnu11;
				GCC_DYNAMIC_NO_PIC = NO;
				GCC_NO_COMMON_BLOCKS = YES;
				GCC_OPTIMIZATION_LEVEL = 0;
				GCC_PREPROCESSOR_DEFINITIONS = (
					"DEBUG=1",
					"$(inherited)",
				);
				GCC_WARN_64_TO_32_BIT_CONVERSION = YES;
				GCC_WARN_ABOUT_RETURN_TYPE = YES_ERROR;
				GCC_WARN_UNDECLARED_SELECTOR = YES;
				GCC_WARN_UNINITIALIZED_AUTOS = YES_AGGRESSIVE;
				GCC_WARN_UNUSED_FUNCTION = YES;
				GCC_WARN_UNUSED_VARIABLE = YES;
				IPHONEOS_DEPLOYMENT_TARGET = 16.4;
				MTL_ENABLE_DEBUG_INFO = INCLUDE_SOURCE;
				MTL_FAST_MATH = YES;
				ONLY_ACTIVE_ARCH = YES;
				SDKROOT = iphoneos;
				SWIFT_ACTIVE_COMPILATION_CONDITIONS = DEBUG;
				SWIFT_OPTIMIZATION_LEVEL = "-Onone";
			};
			name = Debug;
		};
		1546F6F32A23A22A00B04004 /* Release */ = {
			isa = XCBuildConfiguration;
			buildSettings = {
				ALWAYS_SEARCH_USER_PATHS = NO;
				CLANG_ANALYZER_NONNULL = YES;
				CLANG_ANALYZER_NUMBER_OBJECT_CONVERSION = YES_AGGRESSIVE;
				CLANG_CXX_LANGUAGE_STANDARD = "gnu++20";
				CLANG_ENABLE_MODULES = YES;
				CLANG_ENABLE_OBJC_ARC = YES;
				CLANG_ENABLE_OBJC_WEAK = YES;
				CLANG_WARN_BLOCK_CAPTURE_AUTORELEASING = YES;
				CLANG_WARN_BOOL_CONVERSION = YES;
				CLANG_WARN_COMMA = YES;
				CLANG_WARN_CONSTANT_CONVERSION = YES;
				CLANG_WARN_DEPRECATED_OBJC_IMPLEMENTATIONS = YES;
				CLANG_WARN_DIRECT_OBJC_ISA_USAGE = YES_ERROR;
				CLANG_WARN_DOCUMENTATION_COMMENTS = YES;
				CLANG_WARN_EMPTY_BODY = YES;
				CLANG_WARN_ENUM_CONVERSION = YES;
				CLANG_WARN_INFINITE_RECURSION = YES;
				CLANG_WARN_INT_CONVERSION = YES;
				CLANG_WARN_NON_LITERAL_NULL_CONVERSION = YES;
				CLANG_WARN_OBJC_IMPLICIT_RETAIN_SELF = YES;
				CLANG_WARN_OBJC_LITERAL_CONVERSION = YES;
				CLANG_WARN_OBJC_ROOT_CLASS = YES_ERROR;
				CLANG_WARN_QUOTED_INCLUDE_IN_FRAMEWORK_HEADER = YES;
				CLANG_WARN_RANGE_LOOP_ANALYSIS = YES;
				CLANG_WARN_STRICT_PROTOTYPES = YES;
				CLANG_WARN_SUSPICIOUS_MOVE = YES;
				CLANG_WARN_UNGUARDED_AVAILABILITY = YES_AGGRESSIVE;
				CLANG_WARN_UNREACHABLE_CODE = YES;
				CLANG_WARN__DUPLICATE_METHOD_MATCH = YES;
				COPY_PHASE_STRIP = NO;
				DEBUG_INFORMATION_FORMAT = "dwarf-with-dsym";
				ENABLE_NS_ASSERTIONS = NO;
				ENABLE_STRICT_OBJC_MSGSEND = YES;
				GCC_C_LANGUAGE_STANDARD = gnu11;
				GCC_NO_COMMON_BLOCKS = YES;
				GCC_WARN_64_TO_32_BIT_CONVERSION = YES;
				GCC_WARN_ABOUT_RETURN_TYPE = YES_ERROR;
				GCC_WARN_UNDECLARED_SELECTOR = YES;
				GCC_WARN_UNINITIALIZED_AUTOS = YES_AGGRESSIVE;
				GCC_WARN_UNUSED_FUNCTION = YES;
				GCC_WARN_UNUSED_VARIABLE = YES;
				IPHONEOS_DEPLOYMENT_TARGET = 16.4;
				MTL_ENABLE_DEBUG_INFO = NO;
				MTL_FAST_MATH = YES;
				SDKROOT = iphoneos;
				SWIFT_COMPILATION_MODE = wholemodule;
				SWIFT_OPTIMIZATION_LEVEL = "-O";
				VALIDATE_PRODUCT = YES;
			};
			name = Release;
		};
		1546F6F52A23A22A00B04004 /* Debug */ = {
			isa = XCBuildConfiguration;
			buildSettings = {
				ASSETCATALOG_COMPILER_APPICON_NAME = AppIcon;
				ASSETCATALOG_COMPILER_GLOBAL_ACCENT_COLOR_NAME = AccentColor;
				CODE_SIGN_STYLE = Automatic;
				CURRENT_PROJECT_VERSION = 1;
				DEVELOPMENT_TEAM = DJDVY4P58A;
				GENERATE_INFOPLIST_FILE = YES;
				INFOPLIST_FILE = SneakerStoreApp/Info.plist;
				INFOPLIST_KEY_UIApplicationSupportsIndirectInputEvents = YES;
				INFOPLIST_KEY_UILaunchStoryboardName = LaunchScreen;
				INFOPLIST_KEY_UIMainStoryboardFile = "";
				INFOPLIST_KEY_UISupportedInterfaceOrientations_iPad = "UIInterfaceOrientationPortrait UIInterfaceOrientationPortraitUpsideDown UIInterfaceOrientationLandscapeLeft UIInterfaceOrientationLandscapeRight";
				INFOPLIST_KEY_UISupportedInterfaceOrientations_iPhone = "UIInterfaceOrientationPortrait UIInterfaceOrientationLandscapeLeft UIInterfaceOrientationLandscapeRight";
				LD_RUNPATH_SEARCH_PATHS = (
					"$(inherited)",
					"@executable_path/Frameworks",
				);
				MARKETING_VERSION = 1.0;
				PRODUCT_BUNDLE_IDENTIFIER = nFactorial.SneakerStoreApp;
				PRODUCT_NAME = "$(TARGET_NAME)";
				SWIFT_EMIT_LOC_STRINGS = YES;
				SWIFT_VERSION = 5.0;
				TARGETED_DEVICE_FAMILY = "1,2";
			};
			name = Debug;
		};
		1546F6F62A23A22A00B04004 /* Release */ = {
			isa = XCBuildConfiguration;
			buildSettings = {
				ASSETCATALOG_COMPILER_APPICON_NAME = AppIcon;
				ASSETCATALOG_COMPILER_GLOBAL_ACCENT_COLOR_NAME = AccentColor;
				CODE_SIGN_STYLE = Automatic;
				CURRENT_PROJECT_VERSION = 1;
				DEVELOPMENT_TEAM = DJDVY4P58A;
				GENERATE_INFOPLIST_FILE = YES;
				INFOPLIST_FILE = SneakerStoreApp/Info.plist;
				INFOPLIST_KEY_UIApplicationSupportsIndirectInputEvents = YES;
				INFOPLIST_KEY_UILaunchStoryboardName = LaunchScreen;
				INFOPLIST_KEY_UIMainStoryboardFile = "";
				INFOPLIST_KEY_UISupportedInterfaceOrientations_iPad = "UIInterfaceOrientationPortrait UIInterfaceOrientationPortraitUpsideDown UIInterfaceOrientationLandscapeLeft UIInterfaceOrientationLandscapeRight";
				INFOPLIST_KEY_UISupportedInterfaceOrientations_iPhone = "UIInterfaceOrientationPortrait UIInterfaceOrientationLandscapeLeft UIInterfaceOrientationLandscapeRight";
				LD_RUNPATH_SEARCH_PATHS = (
					"$(inherited)",
					"@executable_path/Frameworks",
				);
				MARKETING_VERSION = 1.0;
				PRODUCT_BUNDLE_IDENTIFIER = nFactorial.SneakerStoreApp;
				PRODUCT_NAME = "$(TARGET_NAME)";
				SWIFT_EMIT_LOC_STRINGS = YES;
				SWIFT_VERSION = 5.0;
				TARGETED_DEVICE_FAMILY = "1,2";
			};
			name = Release;
		};
/* End XCBuildConfiguration section */

/* Begin XCConfigurationList section */
		1546F6DB2A23A22900B04004 /* Build configuration list for PBXProject "SneakerStoreApp" */ = {
			isa = XCConfigurationList;
			buildConfigurations = (
				1546F6F22A23A22A00B04004 /* Debug */,
				1546F6F32A23A22A00B04004 /* Release */,
			);
			defaultConfigurationIsVisible = 0;
			defaultConfigurationName = Release;
		};
		1546F6F42A23A22A00B04004 /* Build configuration list for PBXNativeTarget "SneakerStoreApp" */ = {
			isa = XCConfigurationList;
			buildConfigurations = (
				1546F6F52A23A22A00B04004 /* Debug */,
				1546F6F62A23A22A00B04004 /* Release */,
			);
			defaultConfigurationIsVisible = 0;
			defaultConfigurationName = Release;
		};
/* End XCConfigurationList section */
	};
	rootObject = 1546F6D82A23A22900B04004 /* Project object */;
}
